
Microsoft Visual Studio Solution File, Format Version 12.00
# Visual Studio Version 17
VisualStudioVersion = 17.0.32014.148
MinimumVisualStudioVersion = 10.0.40219.1
Project("{FAE04EC0-301F-11D3-BF4B-00C04F79EFBC}") = "kitsune", "kitsune\kitsune.csproj", "{DB13CC5C-58BE-4CA4-BB67-8920D8A58FCA}"
EndProject
Global
	GlobalSection(SolutionConfigurationPlatforms) = preSolution
		Debug|Any CPU = Debug|Any CPU
		Release|Any CPU = Release|Any CPU
	EndGlobalSection
	GlobalSection(ProjectConfigurationPlatforms) = postSolution
		{DB13CC5C-58BE-4CA4-BB67-8920D8A58FCA}.Debug|Any CPU.ActiveCfg = Debug|Any CPU
		{DB13CC5C-58BE-4CA4-BB67-8920D8A58FCA}.Debug|Any CPU.Build.0 = Debug|Any CPU
		{DB13CC5C-58BE-4CA4-BB67-8920D8A58FCA}.Release|Any CPU.ActiveCfg = Release|Any CPU
		{DB13CC5C-58BE-4CA4-BB67-8920D8A58FCA}.Release|Any CPU.Build.0 = Release|Any CPU
	EndGlobalSection
	GlobalSection(SolutionProperties) = preSolution
		HideSolutionNode = FALSE
	EndGlobalSection
	GlobalSection(ExtensibilityGlobals) = postSolution
		SolutionGuid = {AC9C5CC0-C21D-4A95-A4E0-B087227E653F}
	EndGlobalSection
EndGlobal
